
Microsoft Visual Studio Solution File, Format Version 12.00
# Visual Studio 15
VisualStudioVersion = 15.0.28010.0
MinimumVisualStudioVersion = 10.0.40219.1
Project("{FAE04EC0-301F-11D3-BF4B-00C04F79EFBC}") = "PedrinhoSecretsDKRT", "PedrinhoSecretsDKRT\PedrinhoSecretsDKRT.csproj", "{CA2E648C-6DD6-47E4-A77D-DAAA2064C389}"
EndProject
Global
	GlobalSection(SolutionConfigurationPlatforms) = preSolution
		Debug|Any CPU = Debug|Any CPU
		Release|Any CPU = Release|Any CPU
	EndGlobalSection
	GlobalSection(ProjectConfigurationPlatforms) = postSolution
		{CA2E648C-6DD6-47E4-A77D-DAAA2064C389}.Debug|Any CPU.ActiveCfg = Debug|Any CPU
		{CA2E648C-6DD6-47E4-A77D-DAAA2064C389}.Debug|Any CPU.Build.0 = Debug|Any CPU
		{CA2E648C-6DD6-47E4-A77D-DAAA2064C389}.Release|Any CPU.ActiveCfg = Release|Any CPU
		{CA2E648C-6DD6-47E4-A77D-DAAA2064C389}.Release|Any CPU.Build.0 = Release|Any CPU
	EndGlobalSection
	GlobalSection(SolutionProperties) = preSolution
		HideSolutionNode = FALSE
	EndGlobalSection
	GlobalSection(ExtensibilityGlobals) = postSolution
		SolutionGuid = {C3CEB817-0A89-43E4-BA13-FC999978C2B2}
	EndGlobalSection
EndGlobal
